
Microsoft Visual Studio Solution File, Format Version 12.00
# Visual Studio Version 16
VisualStudioVersion = 16.0.32002.261
MinimumVisualStudioVersion = 10.0.40219.1
Project("{FAE04EC0-301F-11D3-BF4B-00C04F79EFBC}") = "RemoteFileStorage", "RemoteFileStorage\RemoteFileStorage.csproj", "{CE07B1E1-D0BB-4996-B5F4-18EFD520F4EA}"
EndProject
Global
	GlobalSection(SolutionConfigurationPlatforms) = preSolution
		Debug|Any CPU = Debug|Any CPU
		Release|Any CPU = Release|Any CPU
	EndGlobalSection
	GlobalSection(ProjectConfigurationPlatforms) = postSolution
		{CE07B1E1-D0BB-4996-B5F4-18EFD520F4EA}.Debug|Any CPU.ActiveCfg = Debug|Any CPU
		{CE07B1E1-D0BB-4996-B5F4-18EFD520F4EA}.Debug|Any CPU.Build.0 = Debug|Any CPU
		{CE07B1E1-D0BB-4996-B5F4-18EFD520F4EA}.Release|Any CPU.ActiveCfg = Release|Any CPU
		{CE07B1E1-D0BB-4996-B5F4-18EFD520F4EA}.Release|Any CPU.Build.0 = Release|Any CPU
	EndGlobalSection
	GlobalSection(SolutionProperties) = preSolution
		HideSolutionNode = FALSE
	EndGlobalSection
	GlobalSection(ExtensibilityGlobals) = postSolution
		SolutionGuid = {7F62E4A1-BCCF-4FA4-BDAB-F8511FB8B848}
	EndGlobalSection
EndGlobal
